// !$*UTF8*$!
{
	archiveVersion = 1;
	classes = {
	};
	objectVersion = 77;
	objects = {

/* Begin PBXContainerItemProxy section */
		25CEBD7E2FEE178B00E08473 /* PBXContainerItemProxy */ = {
			isa = PBXContainerItemProxy;
			containerPortal = 25CEBD642FEE178A00E08473 /* Project object */;
			proxyType = 1;
			remoteGlobalIDString = 25CEBD6B2FEE178A00E08473;
			remoteInfo = SkippyMac;
		};
		25CEBD882FEE178B00E08473 /* PBXContainerItemProxy */ = {
			isa = PBXContainerItemProxy;
			containerPortal = 25CEBD642FEE178A00E08473 /* Project object */;
			proxyType = 1;
			remoteGlobalIDString = 25CEBD6B2FEE178A00E08473;
			remoteInfo = SkippyMac;
		};
/* End PBXContainerItemProxy section */

/* Begin PBXFileReference section */
		25CEBD6C2FEE178A00E08473 /* SkippyMac.app */ = {isa = PBXFileReference; explicitFileType = wrapper.application; includeInIndex = 0; path = SkippyMac.app; sourceTree = BUILT_PRODUCTS_DIR; };
		25CEBD7D2FEE178B00E08473 /* SkippyMacTests.xctest */ = {isa = PBXFileReference; explicitFileType = wrapper.cfbundle; includeInIndex = 0; path = SkippyMacTests.xctest; sourceTree = BUILT_PRODUCTS_DIR; };
		25CEBD872FEE178B00E08473 /* SkippyMacUITests.xctest */ = {isa = PBXFileReference; explicitFileType = wrapper.cfbundle; includeInIndex = 0; path = SkippyMacUITests.xctest; sourceTree = BUILT_PRODUCTS_DIR; };
/* End PBXFileReference section */

/* Begin PBXFileSystemSynchronizedBuildFileExceptionSet section */
		25CEBD9B2FEE180900E08473 /* Exceptions for "SkippyMac" folder in "SkippyMac" target */ = {
			isa = PBXFileSystemSynchronizedBuildFileExceptionSet;
			membershipExceptions = (
				Info.plist,
			);
			target = 25CEBD6B2FEE178A00E08473 /* SkippyMac */;
		};
/* End PBXFileSystemSynchronizedBuildFileExceptionSet section */

/* Begin PBXFileSystemSynchronizedRootGroup section */
		25CEBD6E2FEE178A00E08473 /* SkippyMac */ = {
			isa = PBXFileSystemSynchronizedRootGroup;
			exceptions = (
				25CEBD9B2FEE180900E08473 /* Exceptions for "SkippyMac" folder in "SkippyMac" target */,
			);
			path = SkippyMac;
			sourceTree = "<group>";
		};
		25CEBD802FEE178B00E08473 /* SkippyMacTests */ = {
			isa = PBXFileSystemSynchronizedRootGroup;
			path = SkippyMacTests;
			sourceTree = "<group>";
		};
		25CEBD8A2FEE178B00E08473 /* SkippyMacUITests */ = {
			isa = PBXFileSystemSynchronizedRootGroup;
			path = SkippyMacUITests;
			sourceTree = "<group>";
		};
/* End PBXFileSystemSynchronizedRootGroup section */

/* Begin PBXFrameworksBuildPhase section */
		25CEBD692FEE178A00E08473 /* Frameworks */ = {
			isa = PBXFrameworksBuildPhase;
			buildActionMask = 2147483647;
			files = (
			);
			runOnlyForDeploymentPostprocessing = 0;
		};
		25CEBD7A2FEE178B00E08473 /* Frameworks */ = {
			isa = PBXFrameworksBuildPhase;
			buildActionMask = 2147483647;
			files = (
			);
			runOnlyForDeploymentPostprocessing = 0;
		};
		25CEBD842FEE178B00E08473 /* Frameworks */ = {
			isa = PBXFrameworksBuildPhase;
			buildActionMask = 2147483647;
			files = (
			);
			runOnlyForDeploymentPostprocessing = 0;
		};
/* End PBXFrameworksBuildPhase section */

/* Begin PBXGroup section */
		25CEBD632FEE178A00E08473 = {
			isa = PBXGroup;
			children = (
				25CEBD6E2FEE178A00E08473 /* SkippyMac */,
				25CEBD802FEE178B00E08473 /* SkippyMacTests */,
				25CEBD8A2FEE178B00E08473 /* SkippyMacUITests */,
				25CEBD6D2FEE178A00E08473 /* Products */,
			);
			sourceTree = "<group>";
		};
		25CEBD6D2FEE178A00E08473 /* Products */ = {
			isa = PBXGroup;
			children = (
				25CEBD6C2FEE178A00E08473 /* SkippyMac.app */,
				25CEBD7D2FEE178B00E08473 /* SkippyMacTests.xctest */,
				25CEBD872FEE178B00E08473 /* SkippyMacUITests.xctest */,
			);
			name = Products;
			sourceTree = "<group>";
		};
/* End PBXGroup section */

/* Begin PBXNativeTarget section */
		25CEBD6B2FEE178A00E08473 /* SkippyMac */ = {
			isa = PBXNativeTarget;
			buildConfigurationList = 25CEBD912FEE178B00E08473 /* Build configuration list for PBXNativeTarget "SkippyMac" */;
			buildPhases = (
				25CEBD682FEE178A00E08473 /* Sources */,
				25CEBD692FEE178A00E08473 /* Frameworks */,
				25CEBD6A2FEE178A00E08473 /* Resources */,
			);
			buildRules = (
			);
			dependencies = (
			);
			fileSystemSynchronizedGroups = (
				25CEBD6E2FEE178A00E08473 /* SkippyMac */,
			);
			name = SkippyMac;
			packageProductDependencies = (
			);
			productName = SkippyMac;
			productReference = 25CEBD6C2FEE178A00E08473 /* SkippyMac.app */;
			productType = "com.apple.product-type.application";
		};
		25CEBD7C2FEE178B00E08473 /* SkippyMacTests */ = {
			isa = PBXNativeTarget;
			buildConfigurationList = 25CEBD942FEE178B00E08473 /* Build configuration list for PBXNativeTarget "SkippyMacTests" */;
			buildPhases = (
				25CEBD792FEE178B00E08473 /* Sources */,
				25CEBD7A2FEE178B00E08473 /* Frameworks */,
				25CEBD7B2FEE178B00E08473 /* Resources */,
			);
			buildRules = (
			);
			dependencies = (
				25CEBD7F2FEE178B00E08473 /* PBXTargetDependency */,
			);
			fileSystemSynchronizedGroups = (
				25CEBD802FEE178B00E08473 /* SkippyMacTests */,
			);
			name = SkippyMacTests;
			packageProductDependencies = (
			);
			productName = SkippyMacTests;
			productReference = 25CEBD7D2FEE178B00E08473 /* SkippyMacTests.xctest */;
			productType = "com.apple.product-type.bundle.unit-test";
		};
		25CEBD862FEE178B00E08473 /* SkippyMacUITests */ = {
			isa = PBXNativeTarget;
			buildConfigurationList = 25CEBD972FEE178B00E08473 /* Build configuration list for PBXNativeTarget "SkippyMacUITests" */;
			buildPhases = (
				25CEBD832FEE178B00E08473 /* Sources */,
				25CEBD842FEE178B00E08473 /* Frameworks */,
				25CEBD852FEE178B00E08473 /* Resources */,
			);
			buildRules = (
			);
			dependencies = (
				25CEBD892FEE178B00E08473 /* PBXTargetDependency */,
			);
			fileSystemSynchronizedGroups = (
				25CEBD8A2FEE178B00E08473 /* SkippyMacUITests */,
			);
			name = SkippyMacUITests;
			packageProductDependencies = (
			);
			productName = SkippyMacUITests;
			productReference = 25CEBD872FEE178B00E08473 /* SkippyMacUITests.xctest */;
			productType = "com.apple.product-type.bundle.ui-testing";
		};
/* End PBXNativeTarget section */

/* Begin PBXProject section */
		25CEBD642FEE178A00E08473 /* Project object */ = {
			isa = PBXProject;
			attributes = {
				BuildIndependentTargetsInParallel = 1;
				LastSwiftUpdateCheck = 1620;
				LastUpgradeCheck = 1620;
				TargetAttributes = {
					25CEBD6B2FEE178A00E08473 = {
						CreatedOnToolsVersion = 16.2;
					};
					25CEBD7C2FEE178B00E08473 = {
						CreatedOnToolsVersion = 16.2;
						TestTargetID = 25CEBD6B2FEE178A00E08473;
					};
					25CEBD862FEE178B00E08473 = {
						CreatedOnToolsVersion = 16.2;
						TestTargetID = 25CEBD6B2FEE178A00E08473;
					};
				};
			};
			buildConfigurationList = 25CEBD672FEE178A00E08473 /* Build configuration list for PBXProject "SkippyMac" */;
			developmentRegion = en;
			hasScannedForEncodings = 0;
			knownRegions = (
				en,
				Base,
			);
			mainGroup = 25CEBD632FEE178A00E08473;
			minimizedProjectReferenceProxies = 1;
			preferredProjectObjectVersion = 77;
			productRefGroup = 25CEBD6D2FEE178A00E08473 /* Products */;
			projectDirPath = "";
			projectRoot = "";
			targets = (
				25CEBD6B2FEE178A00E08473 /* SkippyMac */,
				25CEBD7C2FEE178B00E08473 /* SkippyMacTests */,
				25CEBD862FEE178B00E08473 /* SkippyMacUITests */,
			);
		};
/* End PBXProject section */

/* Begin PBXResourcesBuildPhase section */
		25CEBD6A2FEE178A00E08473 /* Resources */ = {
			isa = PBXResourcesBuildPhase;
			buildActionMask = 2147483647;
			files = (
			);
			runOnlyForDeploymentPostprocessing = 0;
		};
		25CEBD7B2FEE178B00E08473 /* Resources */ = {
			isa = PBXResourcesBuildPhase;
			buildActionMask = 2147483647;
			files = (
			);
			runOnlyForDeploymentPostprocessing = 0;
		};
		25CEBD852FEE178B00E08473 /* Resources */ = {
			isa = PBXResourcesBuildPhase;
			buildActionMask = 2147483647;
			files = (
			);
			runOnlyForDeploymentPostprocessing = 0;
		};
/* End PBXResourcesBuildPhase section */

/* Begin PBXSourcesBuildPhase section */
		25CEBD682FEE178A00E08473 /* Sources */ = {
			isa = PBXSourcesBuildPhase;
			buildActionMask = 2147483647;
			files = (
			);
			runOnlyForDeploymentPostprocessing = 0;
		};
		25CEBD792FEE178B00E08473 /* Sources */ = {
			isa = PBXSourcesBuildPhase;
			buildActionMask = 2147483647;
			files = (
			);
			runOnlyForDeploymentPostprocessing = 0;
		};
		25CEBD832FEE178B00E08473 /* Sources */ = {
			isa = PBXSourcesBuildPhase;
			buildActionMask = 2147483647;
			files = (
			);
			runOnlyForDeploymentPostprocessing = 0;
		};
/* End PBXSourcesBuildPhase section */

/* Begin PBXTargetDependency section */
		25CEBD7F2FEE178B00E08473 /* PBXTargetDependency */ = {
			isa = PBXTargetDependency;
			target = 25CEBD6B2FEE178A00E08473 /* SkippyMac */;
			targetProxy = 25CEBD7E2FEE178B00E08473 /* PBXContainerItemProxy */;
		};
		25CEBD892FEE178B00E08473 /* PBXTargetDependency */ = {
			isa = PBXTargetDependency;
			target = 25CEBD6B2FEE178A00E08473 /* SkippyMac */;
			targetProxy = 25CEBD882FEE178B00E08473 /* PBXContainerItemProxy */;
		};
/* End PBXTargetDependency section */

/* Begin XCBuildConfiguration section */
		25CEBD8F2FEE178B00E08473 /* Debug */ = {
			isa = XCBuildConfiguration;
			buildSettings = {
				ALWAYS_SEARCH_USER_PATHS = NO;
				ASSETCATALOG_COMPILER_GENERATE_SWIFT_ASSET_SYMBOL_EXTENSIONS = YES;
				CLANG_ANALYZER_NONNULL = YES;
				CLANG_ANALYZER_NUMBER_OBJECT_CONVERSION = YES_AGGRESSIVE;
				CLANG_CXX_LANGUAGE_STANDARD = "gnu++20";
				CLANG_ENABLE_MODULES = YES;
				CLANG_ENABLE_OBJC_ARC = YES;
				CLANG_ENABLE_OBJC_WEAK = YES;
				CLANG_WARN_BLOCK_CAPTURE_AUTORELEASING = YES;
				CLANG_WARN_BOOL_CONVERSION = YES;
				CLANG_WARN_COMMA = YES;
				CLANG_WARN_CONSTANT_CONVERSION = YES;
				CLANG_WARN_DEPRECATED_OBJC_IMPLEMENTATIONS = YES;
				CLANG_WARN_DIRECT_OBJC_ISA_USAGE = YES_ERROR;
				CLANG_WARN_DOCUMENTATION_COMMENTS = YES;
				CLANG_WARN_EMPTY_BODY = YES;
				CLANG_WARN_ENUM_CONVERSION = YES;
				CLANG_WARN_INFINITE_RECURSION = YES;
				CLANG_WARN_INT_CONVERSION = YES;
				CLANG_WARN_NON_LITERAL_NULL_CONVERSION = YES;
				CLANG_WARN_OBJC_IMPLICIT_RETAIN_SELF = YES;
				CLANG_WARN_OBJC_LITERAL_CONVERSION = YES;
				CLANG_WARN_OBJC_ROOT_CLASS = YES_ERROR;
				CLANG_WARN_QUOTED_INCLUDE_IN_FRAMEWORK_HEADER = YES;
				CLANG_WARN_RANGE_LOOP_ANALYSIS = YES;
				CLANG_WARN_STRICT_PROTOTYPES = YES;
				CLANG_WARN_SUSPICIOUS_MOVE = YES;
				CLANG_WARN_UNGUARDED_AVAILABILITY = YES_AGGRESSIVE;
				CLANG_WARN_UNREACHABLE_CODE = YES;
				CLANG_WARN__DUPLICATE_METHOD_MATCH = YES;
				COPY_PHASE_STRIP = NO;
				DEBUG_INFORMATION_FORMAT = dwarf;
				ENABLE_STRICT_OBJC_MSGSEND = YES;
				ENABLE_TESTABILITY = YES;
				ENABLE_USER_SCRIPT_SANDBOXING = YES;
				GCC_C_LANGUAGE_STANDARD = gnu17;
				GCC_DYNAMIC_NO_PIC = NO;
				GCC_NO_COMMON_BLOCKS = YES;
				GCC_OPTIMIZATION_LEVEL = 0;
				GCC_PREPROCESSOR_DEFINITIONS = (
					"DEBUG=1",
					"$(inherited)",
				);
				GCC_WARN_64_TO_32_BIT_CONVERSION = YES;
				GCC_WARN_ABOUT_RETURN_TYPE = YES_ERROR;
				GCC_WARN_UNDECLARED_SELECTOR = YES;
				GCC_WARN_UNINITIALIZED_AUTOS = YES_AGGRESSIVE;
				GCC_WARN_UNUSED_FUNCTION = YES;
				GCC_WARN_UNUSED_VARIABLE = YES;
				LOCALIZATION_PREFERS_STRING_CATALOGS = YES;
				MACOSX_DEPLOYMENT_TARGET = 14.6;
				MTL_ENABLE_DEBUG_INFO = INCLUDE_SOURCE;
				MTL_FAST_MATH = YES;
				ONLY_ACTIVE_ARCH = YES;
				SDKROOT = macosx;
				SWIFT_ACTIVE_COMPILATION_CONDITIONS = "DEBUG $(inherited)";
				SWIFT_OPTIMIZATION_LEVEL = "-Onone";
			};
			name = Debug;
		};
		25CEBD902FEE178B00E08473 /* Release */ = {
			isa = XCBuildConfiguration;
			buildSettings = {
				ALWAYS_SEARCH_USER_PATHS = NO;
				ASSETCATALOG_COMPILER_GENERATE_SWIFT_ASSET_SYMBOL_EXTENSIONS = YES;
				CLANG_ANALYZER_NONNULL = YES;
				CLANG_ANALYZER_NUMBER_OBJECT_CONVERSION = YES_AGGRESSIVE;
				CLANG_CXX_LANGUAGE_STANDARD = "gnu++20";
				CLANG_ENABLE_MODULES = YES;
				CLANG_ENABLE_OBJC_ARC = YES;
				CLANG_ENABLE_OBJC_WEAK = YES;
				CLANG_WARN_BLOCK_CAPTURE_AUTORELEASING = YES;
				CLANG_WARN_BOOL_CONVERSION = YES;
				CLANG_WARN_COMMA = YES;
				CLANG_WARN_CONSTANT_CONVERSION = YES;
				CLANG_WARN_DEPRECATED_OBJC_IMPLEMENTATIONS = YES;
				CLANG_WARN_DIRECT_OBJC_ISA_USAGE = YES_ERROR;
				CLANG_WARN_DOCUMENTATION_COMMENTS = YES;
				CLANG_WARN_EMPTY_BODY = YES;
				CLANG_WARN_ENUM_CONVERSION = YES;
				CLANG_WARN_INFINITE_RECURSION = YES;
				CLANG_WARN_INT_CONVERSION = YES;
				CLANG_WARN_NON_LITERAL_NULL_CONVERSION = YES;
				CLANG_WARN_OBJC_IMPLICIT_RETAIN_SELF = YES;
				CLANG_WARN_OBJC_LITERAL_CONVERSION = YES;
				CLANG_WARN_OBJC_ROOT_CLASS = YES_ERROR;
				CLANG_WARN_QUOTED_INCLUDE_IN_FRAMEWORK_HEADER = YES;
				CLANG_WARN_RANGE_LOOP_ANALYSIS = YES;
				CLANG_WARN_STRICT_PROTOTYPES = YES;
				CLANG_WARN_SUSPICIOUS_MOVE = YES;
				CLANG_WARN_UNGUARDED_AVAILABILITY = YES_AGGRESSIVE;
				CLANG_WARN_UNREACHABLE_CODE = YES;
				CLANG_WARN__DUPLICATE_METHOD_MATCH = YES;
				COPY_PHASE_STRIP = NO;
				DEBUG_INFORMATION_FORMAT = "dwarf-with-dsym";
				ENABLE_NS_ASSERTIONS = NO;
				ENABLE_STRICT_OBJC_MSGSEND = YES;
				ENABLE_USER_SCRIPT_SANDBOXING = YES;
				GCC_C_LANGUAGE_STANDARD = gnu17;
				GCC_NO_COMMON_BLOCKS = YES;
				GCC_WARN_64_TO_32_BIT_CONVERSION = YES;
				GCC_WARN_ABOUT_RETURN_TYPE = YES_ERROR;
				GCC_WARN_UNDECLARED_SELECTOR = YES;
				GCC_WARN_UNINITIALIZED_AUTOS = YES_AGGRESSIVE;
				GCC_WARN_UNUSED_FUNCTION = YES;
				GCC_WARN_UNUSED_VARIABLE = YES;
				LOCALIZATION_PREFERS_STRING_CATALOGS = YES;
				MACOSX_DEPLOYMENT_TARGET = 14.6;
				MTL_ENABLE_DEBUG_INFO = NO;
				MTL_FAST_MATH = YES;
				SDKROOT = macosx;
				SWIFT_COMPILATION_MODE = wholemodule;
			};
			name = Release;
		};
		25CEBD922FEE178B00E08473 /* Debug */ = {
			isa = XCBuildConfiguration;
			buildSettings = {
				ASSETCATALOG_COMPILER_APPICON_NAME = AppIcon;
				ASSETCATALOG_COMPILER_GLOBAL_ACCENT_COLOR_NAME = AccentColor;
				CODE_SIGN_ENTITLEMENTS = SkippyMac/SkippyMac.entitlements;
				CODE_SIGN_STYLE = Automatic;
				COMBINE_HIDPI_IMAGES = YES;
				CURRENT_PROJECT_VERSION = 1;
				DEVELOPMENT_ASSET_PATHS = "\"SkippyMac/Preview Content\"";
				ENABLE_PREVIEWS = YES;
				GENERATE_INFOPLIST_FILE = YES;
				INFOPLIST_FILE = SkippyMac/Info.plist;
				INFOPLIST_KEY_NSHumanReadableCopyright = "";
				INFOPLIST_KEY_NSMicrophoneUsageDescription = "Skippy needs to hear the monkey";
				INFOPLIST_KEY_NSSpeechRecognitionUsageDescription = "Skippy needs to process native speech";
				LD_RUNPATH_SEARCH_PATHS = (
					"$(inherited)",
					"@executable_path/../Frameworks",
				);
				MARKETING_VERSION = 1.0;
				PRODUCT_BUNDLE_IDENTIFIER = com.blake.SkippyMac;
				PRODUCT_NAME = "$(TARGET_NAME)";
				SWIFT_EMIT_LOC_STRINGS = YES;
				SWIFT_VERSION = 5.0;
			};
			name = Debug;
		};
		25CEBD932FEE178B00E08473 /* Release */ = {
			isa = XCBuildConfiguration;
			buildSettings = {
				ASSETCATALOG_COMPILER_APPICON_NAME = AppIcon;
				ASSETCATALOG_COMPILER_GLOBAL_ACCENT_COLOR_NAME = AccentColor;
				CODE_SIGN_ENTITLEMENTS = SkippyMac/SkippyMac.entitlements;
				CODE_SIGN_STYLE = Automatic;
				COMBINE_HIDPI_IMAGES = YES;
				CURRENT_PROJECT_VERSION = 1;
				DEVELOPMENT_ASSET_PATHS = "\"SkippyMac/Preview Content\"";
				ENABLE_PREVIEWS = YES;
				GENERATE_INFOPLIST_FILE = YES;
				INFOPLIST_FILE = SkippyMac/Info.plist;
				INFOPLIST_KEY_NSHumanReadableCopyright = "";
				INFOPLIST_KEY_NSMicrophoneUsageDescription = "Skippy needs to hear the monkey";
				INFOPLIST_KEY_NSSpeechRecognitionUsageDescription = "Skippy needs to process native speech";
				LD_RUNPATH_SEARCH_PATHS = (
					"$(inherited)",
					"@executable_path/../Frameworks",
				);
				MARKETING_VERSION = 1.0;
				PRODUCT_BUNDLE_IDENTIFIER = com.blake.SkippyMac;
				PRODUCT_NAME = "$(TARGET_NAME)";
				SWIFT_EMIT_LOC_STRINGS = YES;
				SWIFT_VERSION = 5.0;
			};
			name = Release;
		};
		25CEBD952FEE178B00E08473 /* Debug */ = {
			isa = XCBuildConfiguration;
			buildSettings = {
				BUNDLE_LOADER = "$(TEST_HOST)";
				CODE_SIGN_STYLE = Automatic;
				CURRENT_PROJECT_VERSION = 1;
				GENERATE_INFOPLIST_FILE = YES;
				MACOSX_DEPLOYMENT_TARGET = 14.6;
				MARKETING_VERSION = 1.0;
				PRODUCT_BUNDLE_IDENTIFIER = com.blake.SkippyMacTests;
				PRODUCT_NAME = "$(TARGET_NAME)";
				SWIFT_EMIT_LOC_STRINGS = NO;
				SWIFT_VERSION = 5.0;
				TEST_HOST = "$(BUILT_PRODUCTS_DIR)/SkippyMac.app/$(BUNDLE_EXECUTABLE_FOLDER_PATH)/SkippyMac";
			};
			name = Debug;
		};
		25CEBD962FEE178B00E08473 /* Release */ = {
			isa = XCBuildConfiguration;
			buildSettings = {
				BUNDLE_LOADER = "$(TEST_HOST)";
				CODE_SIGN_STYLE = Automatic;
				CURRENT_PROJECT_VERSION = 1;
				GENERATE_INFOPLIST_FILE = YES;
				MACOSX_DEPLOYMENT_TARGET = 14.6;
				MARKETING_VERSION = 1.0;
				PRODUCT_BUNDLE_IDENTIFIER = com.blake.SkippyMacTests;
				PRODUCT_NAME = "$(TARGET_NAME)";
				SWIFT_EMIT_LOC_STRINGS = NO;
				SWIFT_VERSION = 5.0;
				TEST_HOST = "$(BUILT_PRODUCTS_DIR)/SkippyMac.app/$(BUNDLE_EXECUTABLE_FOLDER_PATH)/SkippyMac";
			};
			name = Release;
		};
		25CEBD982FEE178B00E08473 /* Debug */ = {
			isa = XCBuildConfiguration;
			buildSettings = {
				CODE_SIGN_STYLE = Automatic;
				CURRENT_PROJECT_VERSION = 1;
				GENERATE_INFOPLIST_FILE = YES;
				MARKETING_VERSION = 1.0;
				PRODUCT_BUNDLE_IDENTIFIER = com.blake.SkippyMacUITests;
				PRODUCT_NAME = "$(TARGET_NAME)";
				SWIFT_EMIT_LOC_STRINGS = NO;
				SWIFT_VERSION = 5.0;
				TEST_TARGET_NAME = SkippyMac;
			};
			name = Debug;
		};
		25CEBD992FEE178B00E08473 /* Release */ = {
			isa = XCBuildConfiguration;
			buildSettings = {
				CODE_SIGN_STYLE = Automatic;
				CURRENT_PROJECT_VERSION = 1;
				GENERATE_INFOPLIST_FILE = YES;
				MARKETING_VERSION = 1.0;
				PRODUCT_BUNDLE_IDENTIFIER = com.blake.SkippyMacUITests;
				PRODUCT_NAME = "$(TARGET_NAME)";
				SWIFT_EMIT_LOC_STRINGS = NO;
				SWIFT_VERSION = 5.0;
				TEST_TARGET_NAME = SkippyMac;
			};
			name = Release;
		};
/* End XCBuildConfiguration section */

/* Begin XCConfigurationList section */
		25CEBD672FEE178A00E08473 /* Build configuration list for PBXProject "SkippyMac" */ = {
			isa = XCConfigurationList;
			buildConfigurations = (
				25CEBD8F2FEE178B00E08473 /* Debug */,
				25CEBD902FEE178B00E08473 /* Release */,
			);
			defaultConfigurationIsVisible = 0;
			defaultConfigurationName = Release;
		};
		25CEBD912FEE178B00E08473 /* Build configuration list for PBXNativeTarget "SkippyMac" */ = {
			isa = XCConfigurationList;
			buildConfigurations = (
				25CEBD922FEE178B00E08473 /* Debug */,
				25CEBD932FEE178B00E08473 /* Release */,
			);
			defaultConfigurationIsVisible = 0;
			defaultConfigurationName = Release;
		};
		25CEBD942FEE178B00E08473 /* Build configuration list for PBXNativeTarget "SkippyMacTests" */ = {
			isa = XCConfigurationList;
			buildConfigurations = (
				25CEBD952FEE178B00E08473 /* Debug */,
				25CEBD962FEE178B00E08473 /* Release */,
			);
			defaultConfigurationIsVisible = 0;
			defaultConfigurationName = Release;
		};
		25CEBD972FEE178B00E08473 /* Build configuration list for PBXNativeTarget "SkippyMacUITests" */ = {
			isa = XCConfigurationList;
			buildConfigurations = (
				25CEBD982FEE178B00E08473 /* Debug */,
				25CEBD992FEE178B00E08473 /* Release */,
			);
			defaultConfigurationIsVisible = 0;
			defaultConfigurationName = Release;
		};
/* End XCConfigurationList section */
	};
	rootObject = 25CEBD642FEE178A00E08473 /* Project object */;
}
